
Microsoft Visual Studio Solution File, Format Version 12.00
# Visual Studio Version 16
VisualStudioVersion = 16.0.28803.452
MinimumVisualStudioVersion = 10.0.40219.1
Project("{2150E333-8FDC-42A3-9474-1A3956D46DE8}") = "src", "src", "{855E33E9-F81E-41A5-9940-F6BBF07C4B79}"
EndProject
Project("{2150E333-8FDC-42A3-9474-1A3956D46DE8}") = "test", "test", "{500FCE8F-E06E-4B4B-B4AD-A77275C4D100}"
EndProject
Project("{FAE04EC0-301F-11D3-BF4B-00C04F79EFBC}") = "Blazor.MQTT.Chat", "src\Blazor.MQTT.Chat\Blazor.MQTT.Chat.csproj", "{6ACE3C18-DF92-40CB-ABD8-6ED180B1559A}"
EndProject
Global
	GlobalSection(SolutionConfigurationPlatforms) = preSolution
		Debug|Any CPU = Debug|Any CPU
		Release|Any CPU = Release|Any CPU
	EndGlobalSection
	GlobalSection(ProjectConfigurationPlatforms) = postSolution
		{6ACE3C18-DF92-40CB-ABD8-6ED180B1559A}.Debug|Any CPU.ActiveCfg = Debug|Any CPU
		{6ACE3C18-DF92-40CB-ABD8-6ED180B1559A}.Debug|Any CPU.Build.0 = Debug|Any CPU
		{6ACE3C18-DF92-40CB-ABD8-6ED180B1559A}.Release|Any CPU.ActiveCfg = Release|Any CPU
		{6ACE3C18-DF92-40CB-ABD8-6ED180B1559A}.Release|Any CPU.Build.0 = Release|Any CPU
	EndGlobalSection
	GlobalSection(SolutionProperties) = preSolution
		HideSolutionNode = FALSE
	EndGlobalSection
	GlobalSection(NestedProjects) = preSolution
		{6ACE3C18-DF92-40CB-ABD8-6ED180B1559A} = {855E33E9-F81E-41A5-9940-F6BBF07C4B79}
	EndGlobalSection
	GlobalSection(ExtensibilityGlobals) = postSolution
		SolutionGuid = {B9411085-D4F9-4B40-89E6-84C4F3D14C19}
	EndGlobalSection
EndGlobal
